
Microsoft Visual Studio Solution File, Format Version 12.00
# Visual Studio Version 17
VisualStudioVersion = 17.14.36414.22 d17.14
MinimumVisualStudioVersion = 10.0.40219.1
Project("{FAE04EC0-301F-11D3-BF4B-00C04F79EFBC}") = "OrderProducer", "OrderProducer\OrderProducer.csproj", "{F480669D-C72C-4817-BFAC-90FA7D318271}"
EndProject
Project("{FAE04EC0-301F-11D3-BF4B-00C04F79EFBC}") = "OrderConsumer", "OrderConsumer\OrderConsumer.csproj", "{94221677-58DC-43D5-9E07-822ACC1015AB}"
EndProject
Project("{FAE04EC0-301F-11D3-BF4B-00C04F79EFBC}") = "OrderProducer.Tests", "OrderProducer.Tests\OrderProducer.Tests.csproj", "{0DF016CA-F55F-4DC3-A297-64519D9BEA7F}"
EndProject
Global
	GlobalSection(SolutionConfigurationPlatforms) = preSolution
		Debug|Any CPU = Debug|Any CPU
		Release|Any CPU = Release|Any CPU
	EndGlobalSection
	GlobalSection(ProjectConfigurationPlatforms) = postSolution
		{F480669D-C72C-4817-BFAC-90FA7D318271}.Debug|Any CPU.ActiveCfg = Debug|Any CPU
		{F480669D-C72C-4817-BFAC-90FA7D318271}.Debug|Any CPU.Build.0 = Debug|Any CPU
		{F480669D-C72C-4817-BFAC-90FA7D318271}.Release|Any CPU.ActiveCfg = Release|Any CPU
		{F480669D-C72C-4817-BFAC-90FA7D318271}.Release|Any CPU.Build.0 = Release|Any CPU
		{94221677-58DC-43D5-9E07-822ACC1015AB}.Debug|Any CPU.ActiveCfg = Debug|Any CPU
		{94221677-58DC-43D5-9E07-822ACC1015AB}.Debug|Any CPU.Build.0 = Debug|Any CPU
		{94221677-58DC-43D5-9E07-822ACC1015AB}.Release|Any CPU.ActiveCfg = Release|Any CPU
		{94221677-58DC-43D5-9E07-822ACC1015AB}.Release|Any CPU.Build.0 = Release|Any CPU
		{0DF016CA-F55F-4DC3-A297-64519D9BEA7F}.Debug|Any CPU.ActiveCfg = Debug|Any CPU
		{0DF016CA-F55F-4DC3-A297-64519D9BEA7F}.Debug|Any CPU.Build.0 = Debug|Any CPU
		{0DF016CA-F55F-4DC3-A297-64519D9BEA7F}.Release|Any CPU.ActiveCfg = Release|Any CPU
		{0DF016CA-F55F-4DC3-A297-64519D9BEA7F}.Release|Any CPU.Build.0 = Release|Any CPU
	EndGlobalSection
	GlobalSection(SolutionProperties) = preSolution
		HideSolutionNode = FALSE
	EndGlobalSection
	GlobalSection(ExtensibilityGlobals) = postSolution
		SolutionGuid = {F860F29D-6B9D-4ECB-BD40-5485E842D97F}
	EndGlobalSection
EndGlobal
